{
  "name": "inventory_management",
  "lockfileVersion": 3,
  "requires": true,
  "packages": {
    "": {
      "dependencies": {
        "simplelightbox": "^2.14.0"
      }
    },
    "node_modules/simplelightbox": {
      "version": "2.14.0",
      "resolved": "https://registry.npmjs.org/simplelightbox/-/simplelightbox-2.14.0.tgz",
      "integrity": "sha512-cv9n0IlR51eSjAnkmTHoH4qdeCOmoKy+5y60npClxYlfYHp7EslSE2tl4NNkqe2MwUu2OlcvD2eEMhi/Q6VPTg=="
    }
  }
}
